
Microsoft Visual Studio Solution File, Format Version 12.00
# Visual Studio Version 17
VisualStudioVersion = 17.0.31912.275
MinimumVisualStudioVersion = 10.0.40219.1
Project("{FAE04EC0-301F-11D3-BF4B-00C04F79EFBC}") = "Subiect-OTI-judeteana", "Subiect-OTI-judeteana\Subiect-OTI-judeteana.csproj", "{BFD2C29D-7341-44B2-BB2D-5244776860F9}"
EndProject
Global
	GlobalSection(SolutionConfigurationPlatforms) = preSolution
		Debug|Any CPU = Debug|Any CPU
		Release|Any CPU = Release|Any CPU
	EndGlobalSection
	GlobalSection(ProjectConfigurationPlatforms) = postSolution
		{BFD2C29D-7341-44B2-BB2D-5244776860F9}.Debug|Any CPU.ActiveCfg = Debug|Any CPU
		{BFD2C29D-7341-44B2-BB2D-5244776860F9}.Debug|Any CPU.Build.0 = Debug|Any CPU
		{BFD2C29D-7341-44B2-BB2D-5244776860F9}.Release|Any CPU.ActiveCfg = Release|Any CPU
		{BFD2C29D-7341-44B2-BB2D-5244776860F9}.Release|Any CPU.Build.0 = Release|Any CPU
	EndGlobalSection
	GlobalSection(SolutionProperties) = preSolution
		HideSolutionNode = FALSE
	EndGlobalSection
	GlobalSection(ExtensibilityGlobals) = postSolution
		SolutionGuid = {F9658787-CF86-49D6-904A-DEDDD729C0DB}
	EndGlobalSection
EndGlobal
